
Microsoft Visual Studio Solution File, Format Version 12.00
# Visual Studio Version 16
VisualStudioVersion = 16.0.29306.81
MinimumVisualStudioVersion = 10.0.40219.1
Project("{FAE04EC0-301F-11D3-BF4B-00C04F79EFBC}") = "PA2Part3", "PA2Part3\PA2Part3.csproj", "{D4EF225B-3F8E-4B8D-98D2-31A8DFD6E9DD}"
EndProject
Global
	GlobalSection(SolutionConfigurationPlatforms) = preSolution
		Debug|Any CPU = Debug|Any CPU
		Release|Any CPU = Release|Any CPU
	EndGlobalSection
	GlobalSection(ProjectConfigurationPlatforms) = postSolution
		{D4EF225B-3F8E-4B8D-98D2-31A8DFD6E9DD}.Debug|Any CPU.ActiveCfg = Debug|Any CPU
		{D4EF225B-3F8E-4B8D-98D2-31A8DFD6E9DD}.Debug|Any CPU.Build.0 = Debug|Any CPU
		{D4EF225B-3F8E-4B8D-98D2-31A8DFD6E9DD}.Release|Any CPU.ActiveCfg = Release|Any CPU
		{D4EF225B-3F8E-4B8D-98D2-31A8DFD6E9DD}.Release|Any CPU.Build.0 = Release|Any CPU
	EndGlobalSection
	GlobalSection(SolutionProperties) = preSolution
		HideSolutionNode = FALSE
	EndGlobalSection
	GlobalSection(ExtensibilityGlobals) = postSolution
		SolutionGuid = {7F3ED366-4E62-44C1-96C8-5C0DB7044B7F}
	EndGlobalSection
EndGlobal
