
Microsoft Visual Studio Solution File, Format Version 12.00
# Visual Studio Version 16
VisualStudioVersion = 16.0.29306.81
MinimumVisualStudioVersion = 10.0.40219.1
Project("{FAE04EC0-301F-11D3-BF4B-00C04F79EFBC}") = "PA2Part2", "PA2Part2\PA2Part2.csproj", "{8EBE9B85-538B-4E52-AEF8-7D6C7FC88293}"
EndProject
Global
	GlobalSection(SolutionConfigurationPlatforms) = preSolution
		Debug|Any CPU = Debug|Any CPU
		Release|Any CPU = Release|Any CPU
	EndGlobalSection
	GlobalSection(ProjectConfigurationPlatforms) = postSolution
		{8EBE9B85-538B-4E52-AEF8-7D6C7FC88293}.Debug|Any CPU.ActiveCfg = Debug|Any CPU
		{8EBE9B85-538B-4E52-AEF8-7D6C7FC88293}.Debug|Any CPU.Build.0 = Debug|Any CPU
		{8EBE9B85-538B-4E52-AEF8-7D6C7FC88293}.Release|Any CPU.ActiveCfg = Release|Any CPU
		{8EBE9B85-538B-4E52-AEF8-7D6C7FC88293}.Release|Any CPU.Build.0 = Release|Any CPU
	EndGlobalSection
	GlobalSection(SolutionProperties) = preSolution
		HideSolutionNode = FALSE
	EndGlobalSection
	GlobalSection(ExtensibilityGlobals) = postSolution
		SolutionGuid = {08DC8C7B-FA75-49B9-92E3-098B2C5A47B1}
	EndGlobalSection
EndGlobal
